// !$*UTF8*$!
{
	archiveVersion = 1;
	classes = {
	};
	objectVersion = 46;
	objects = {

/* Begin PBXBuildFile section */
		4EB0728F1F6AE28C005CC2B2 /* main.cpp in Sources */ = {isa = PBXBuildFile; fileRef = 4EB0728E1F6AE28C005CC2B2 /* main.cpp */; };
		4EB072961F6AE28C005CC2B2 /* sansation.ttf in Resources */ = {isa = PBXBuildFile; fileRef = 4EB072951F6AE28C005CC2B2 /* sansation.ttf */; };
		4EB072981F6AE28C005CC2B2 /* icon.png in Resources */ = {isa = PBXBuildFile; fileRef = 4EB072971F6AE28C005CC2B2 /* icon.png */; };
		4EB072A01F6AE800005CC2B2 /* Particle.cpp in Sources */ = {isa = PBXBuildFile; fileRef = 4EB0729E1F6AE800005CC2B2 /* Particle.cpp */; };
		4EB072A41F741732005CC2B2 /* ResourcePath.mm in Sources */ = {isa = PBXBuildFile; fileRef = 4EB0728B1F6AE28C005CC2B2 /* ResourcePath.mm */; };
		4EB072AD1F9A4CE0005CC2B2 /* Player.cpp in Sources */ = {isa = PBXBuildFile; fileRef = 4EB072AB1F9A4CE0005CC2B2 /* Player.cpp */; };
/* End PBXBuildFile section */

/* Begin PBXFileReference section */
		4EB072861F6AE28C005CC2B2 /* Indep Study Physics Engine.app */ = {isa = PBXFileReference; explicitFileType = wrapper.application; includeInIndex = 0; path = "Indep Study Physics Engine.app"; sourceTree = BUILT_PRODUCTS_DIR; };
		4EB0728A1F6AE28C005CC2B2 /* Indep Study Physics Engine-Info.plist */ = {isa = PBXFileReference; lastKnownFileType = text.plist.xml; path = "Indep Study Physics Engine-Info.plist"; sourceTree = "<group>"; };
		4EB0728B1F6AE28C005CC2B2 /* ResourcePath.mm */ = {isa = PBXFileReference; lastKnownFileType = sourcecode.cpp.objcpp; path = ResourcePath.mm; sourceTree = "<group>"; };
		4EB0728D1F6AE28C005CC2B2 /* ResourcePath.hpp */ = {isa = PBXFileReference; lastKnownFileType = sourcecode.cpp.h; path = ResourcePath.hpp; sourceTree = "<group>"; };
		4EB0728E1F6AE28C005CC2B2 /* main.cpp */ = {isa = PBXFileReference; lastKnownFileType = sourcecode.cpp.cpp; path = main.cpp; sourceTree = "<group>"; };
		4EB072951F6AE28C005CC2B2 /* sansation.ttf */ = {isa = PBXFileReference; lastKnownFileType = file; path = sansation.ttf; sourceTree = "<group>"; };
		4EB072971F6AE28C005CC2B2 /* icon.png */ = {isa = PBXFileReference; lastKnownFileType = image.png; path = icon.png; sourceTree = "<group>"; };
		4EB0729E1F6AE800005CC2B2 /* Particle.cpp */ = {isa = PBXFileReference; fileEncoding = 4; lastKnownFileType = sourcecode.cpp.cpp; path = Particle.cpp; sourceTree = "<group>"; };
		4EB0729F1F6AE800005CC2B2 /* Particle.hpp */ = {isa = PBXFileReference; fileEncoding = 4; lastKnownFileType = sourcecode.cpp.h; path = Particle.hpp; sourceTree = "<group>"; };
		4EB072AB1F9A4CE0005CC2B2 /* Player.cpp */ = {isa = PBXFileReference; fileEncoding = 4; lastKnownFileType = sourcecode.cpp.cpp; path = Player.cpp; sourceTree = "<group>"; };
		4EB072AC1F9A4CE0005CC2B2 /* Player.hpp */ = {isa = PBXFileReference; fileEncoding = 4; lastKnownFileType = sourcecode.cpp.h; path = Player.hpp; sourceTree = "<group>"; };
/* End PBXFileReference section */

/* Begin PBXFrameworksBuildPhase section */
		4EB072821F6AE28B005CC2B2 /* Frameworks */ = {
			isa = PBXFrameworksBuildPhase;
			buildActionMask = 2147483647;
			files = (
			);
			runOnlyForDeploymentPostprocessing = 0;
		};
/* End PBXFrameworksBuildPhase section */

/* Begin PBXGroup section */
		4EB0727C1F6AE28B005CC2B2 = {
			isa = PBXGroup;
			children = (
				4EB072881F6AE28C005CC2B2 /* Indep Study Physics Engine */,
				4EB072871F6AE28C005CC2B2 /* Products */,
			);
			sourceTree = "<group>";
		};
		4EB072871F6AE28C005CC2B2 /* Products */ = {
			isa = PBXGroup;
			children = (
				4EB072861F6AE28C005CC2B2 /* Indep Study Physics Engine.app */,
			);
			name = Products;
			sourceTree = "<group>";
		};
		4EB072881F6AE28C005CC2B2 /* Indep Study Physics Engine */ = {
			isa = PBXGroup;
			children = (
				4EB0728B1F6AE28C005CC2B2 /* ResourcePath.mm */,
				4EB0728D1F6AE28C005CC2B2 /* ResourcePath.hpp */,
				4EB0728E1F6AE28C005CC2B2 /* main.cpp */,
				4EB072901F6AE28C005CC2B2 /* Resources */,
				4EB072891F6AE28C005CC2B2 /* Supporting Files */,
				4EB0729E1F6AE800005CC2B2 /* Particle.cpp */,
				4EB0729F1F6AE800005CC2B2 /* Particle.hpp */,
				4EB072AB1F9A4CE0005CC2B2 /* Player.cpp */,
				4EB072AC1F9A4CE0005CC2B2 /* Player.hpp */,
			);
			path = "Indep Study Physics Engine";
			sourceTree = "<group>";
		};
		4EB072891F6AE28C005CC2B2 /* Supporting Files */ = {
			isa = PBXGroup;
			children = (
				4EB0728A1F6AE28C005CC2B2 /* Indep Study Physics Engine-Info.plist */,
			);
			name = "Supporting Files";
			sourceTree = "<group>";
		};
		4EB072901F6AE28C005CC2B2 /* Resources */ = {
			isa = PBXGroup;
			children = (
				4EB072951F6AE28C005CC2B2 /* sansation.ttf */,
				4EB072971F6AE28C005CC2B2 /* icon.png */,
			);
			name = Resources;
			sourceTree = "<group>";
		};
/* End PBXGroup section */

/* Begin PBXNativeTarget section */
		4EB072851F6AE28B005CC2B2 /* Indep Study Physics Engine */ = {
			isa = PBXNativeTarget;
			buildConfigurationList = 4EB0729B1F6AE28C005CC2B2 /* Build configuration list for PBXNativeTarget "Indep Study Physics Engine" */;
			buildPhases = (
				4EB072811F6AE28B005CC2B2 /* Sources */,
				4EB072821F6AE28B005CC2B2 /* Frameworks */,
				4EB072831F6AE28B005CC2B2 /* Resources */,
				4EB072841F6AE28B005CC2B2 /* ShellScript */,
			);
			buildRules = (
			);
			dependencies = (
			);
			name = "Indep Study Physics Engine";
			productName = "Indep Study Physics Engine";
			productReference = 4EB072861F6AE28C005CC2B2 /* Indep Study Physics Engine.app */;
			productType = "com.apple.product-type.application";
		};
/* End PBXNativeTarget section */

/* Begin PBXProject section */
		4EB0727D1F6AE28B005CC2B2 /* Project object */ = {
			isa = PBXProject;
			attributes = {
				LastUpgradeCheck = 0820;
				ORGANIZATIONNAME = "BT Softworks";
				TargetAttributes = {
					4EB072851F6AE28B005CC2B2 = {
						CreatedOnToolsVersion = 8.2.1;
						ProvisioningStyle = Automatic;
					};
				};
			};
			buildConfigurationList = 4EB072801F6AE28B005CC2B2 /* Build configuration list for PBXProject "Indep Study Physics Engine" */;
			compatibilityVersion = "Xcode 3.2";
			developmentRegion = English;
			hasScannedForEncodings = 0;
			knownRegions = (
				en,
			);
			mainGroup = 4EB0727C1F6AE28B005CC2B2;
			productRefGroup = 4EB072871F6AE28C005CC2B2 /* Products */;
			projectDirPath = "";
			projectRoot = "";
			targets = (
				4EB072851F6AE28B005CC2B2 /* Indep Study Physics Engine */,
			);
		};
/* End PBXProject section */

/* Begin PBXResourcesBuildPhase section */
		4EB072831F6AE28B005CC2B2 /* Resources */ = {
			isa = PBXResourcesBuildPhase;
			buildActionMask = 2147483647;
			files = (
				4EB072981F6AE28C005CC2B2 /* icon.png in Resources */,
				4EB072961F6AE28C005CC2B2 /* sansation.ttf in Resources */,
			);
			runOnlyForDeploymentPostprocessing = 0;
		};
/* End PBXResourcesBuildPhase section */

/* Begin PBXShellScriptBuildPhase section */
		4EB072841F6AE28B005CC2B2 /* ShellScript */ = {
			isa = PBXShellScriptBuildPhase;
			buildActionMask = 2147483647;
			files = (
			);
			inputPaths = (
			);
			outputPaths = (
			);
			runOnlyForDeploymentPostprocessing = 0;
			shellPath = /bin/sh;
			shellScript = "# This shell script simply copies required SFML dylibs/frameworks into the application bundle frameworks folder.\n# If you're using static libraries (which is not recommended) you should remove this script from your project.\n\n# SETTINGS\nCMAKE_INSTALL_FRAMEWORK_PREFIX=\"/Library/Frameworks\"\nCMAKE_INSTALL_LIB_PREFIX=\"/usr/local/lib\"\nFRAMEWORKS_FULL_PATH=\"$BUILT_PRODUCTS_DIR/$FRAMEWORKS_FOLDER_PATH/\"\n\n# Are we building a project that uses frameworks or dylibs?\ncase \"$SFML_BINARY_TYPE\" in\n    DYLIBS)\n        frameworks=\"false\"\n        ;;\n    *)\n        frameworks=\"true\"\n        ;;\nesac\n\n# Echoes to stderr\nerror () # $* message to display\n{\n    echo $* 1>&2\n    exit 2\n}\n\nassert () # $1 is a boolean, $2...N is an error message\n{\n    if [ $# -lt 2 ]\n    then\n        error \"Internal error in assert: not enough args\"\n    fi\n\n    if [ $1 -ne 0 ]\n    then\n        shift\n        error \"$*\"\n    fi\n}\n\nforce_remove () # $@ is some paths\n{\n    test $# -ge 1\n    assert $? \"force_remove() requires at least one parameter\"\n    rm -fr $@\n    assert $? \"couldn't remove $@\"\n}\n\ncopy () # $1 is a source, $2 is a destination\n{\n    test $# -eq 2\n    assert $? \"copy() requires two parameters\"\n    ditto \"$1\" \"$2\"\n    assert $? \"couldn't copy $1 to $2\"\n}\n\nrequire () # $1 is a SFML module like 'system' or 'audio'\n{\n    dest=\"$BUILT_PRODUCTS_DIR/$FRAMEWORKS_FOLDER_PATH/\"\n\n    if [ -z \"$1\" ]\n    then\n        error \"require() requires one parameter!\"\n    else\n        # clean potentially old stuff\n        force_remove \"$dest/libsfml-$1\"*\n        force_remove \"$dest/sfml-$1.framework\"\n\n        # copy SFML libraries\n        if [ \"$frameworks\" = \"true\" ]\n        then\n            source=\"$CMAKE_INSTALL_FRAMEWORK_PREFIX/sfml-$1.framework\"\n            target=\"sfml-$1.framework\"\n        elif [ \"$SFML_LINK_DYLIBS_SUFFIX\" = \"-d\" ]\n        then\n            source=\"$CMAKE_INSTALL_LIB_PREFIX/libsfml-$1-d.dylib\"\n            target=\"`readlink $source`\"\n        else\n            source=\"$CMAKE_INSTALL_LIB_PREFIX/libsfml-$1.dylib\"\n            target=\"`readlink $source`\"\n        fi\n\n        copy \"$source\" \"$dest/$target\"\n\n        # copy extra dependencies\n        if [ \"$1\" = \"audio\" ]\n        then\n            # copy \"FLAC\" \"ogg\" \"vorbis\" \"vorbisenc\" \"vorbisfile\" \"OpenAL\" frameworks too\n            for f in \"FLAC\" \"ogg\" \"vorbis\" \"vorbisenc\" \"vorbisfile\" \"OpenAL\"\n            do\n                copy \"$CMAKE_INSTALL_FRAMEWORK_PREFIX/$f.framework\" \"$dest/$f.framework\"\n            done\n        elif [ \"$1\" = \"graphics\" ]\n        then\n            copy \"$CMAKE_INSTALL_FRAMEWORK_PREFIX/freetype.framework\" \"$dest/freetype.framework\"\n        fi\n    fi\n}\n\nif [ -n \"$SFML_SYSTEM\" ]\nthen\n    require \"system\"\nfi\n\nif [ -n \"$SFML_AUDIO\" ]\nthen\n    require \"audio\"\nfi\n\nif [ -n \"$SFML_NETWORK\" ]\nthen\n    require \"network\"\nfi\n\nif [ -n \"$SFML_WINDOW\" ]\nthen\n    require \"window\"\nfi\n\nif [ -n \"$SFML_GRAPHICS\" ]\nthen\n    require \"graphics\"\nfi\n\n                ";
		};
/* End PBXShellScriptBuildPhase section */

/* Begin PBXSourcesBuildPhase section */
		4EB072811F6AE28B005CC2B2 /* Sources */ = {
			isa = PBXSourcesBuildPhase;
			buildActionMask = 2147483647;
			files = (
				4EB072AD1F9A4CE0005CC2B2 /* Player.cpp in Sources */,
				4EB072A41F741732005CC2B2 /* ResourcePath.mm in Sources */,
				4EB0728F1F6AE28C005CC2B2 /* main.cpp in Sources */,
				4EB072A01F6AE800005CC2B2 /* Particle.cpp in Sources */,
			);
			runOnlyForDeploymentPostprocessing = 0;
		};
/* End PBXSourcesBuildPhase section */

/* Begin XCBuildConfiguration section */
		4EB072991F6AE28C005CC2B2 /* Debug */ = {
			isa = XCBuildConfiguration;
			buildSettings = {
				ARCHS = "$(NATIVE_ARCH_ACTUAL)";
				CLANG_CXX_LANGUAGE_STANDARD = "c++0x";
				CLANG_CXX_LIBRARY = "libc++";
				FRAMEWORK_SEARCH_PATHS = (
					/Library/Frameworks/,
					"$(inherited)",
				);
				GCC_VERSION = com.apple.compilers.llvm.clang.1_0;
				HEADER_SEARCH_PATHS = (
					/usr/local/include/,
					"$(inherited)",
				);
				LIBRARY_SEARCH_PATHS = (
					/usr/local/lib/,
					"$(inherited)",
				);
				MACOSX_DEPLOYMENT_TARGET = 10.7;
				OTHER_LDFLAGS = (
					"$(inherited)",
					"$(SFML_SYSTEM)",
					"$(SFML_WINDOW)",
					"$(SFML_GRAPHICS)",
					"$(SFML_AUDIO)",
					"$(SFML_NETWORK)",
				);
				SFML_AUDIO = "$(SFML_LINK_PREFIX) sfml-audio$(SFML_LINK_SUFFIX)";
				SFML_BINARY_TYPE = FRAMEWORKS;
				SFML_GRAPHICS = "$(SFML_LINK_PREFIX) sfml-graphics$(SFML_LINK_SUFFIX)";
				SFML_LINK_DYLIBS_PREFIX = "-l";
				SFML_LINK_DYLIBS_SUFFIX = "";
				SFML_LINK_FRAMEWORKS_PREFIX = "-framework";
				SFML_LINK_FRAMEWORKS_SUFFIX = "";
				SFML_LINK_PREFIX = "$(SFML_LINK_$(SFML_BINARY_TYPE)_PREFIX)";
				SFML_LINK_SUFFIX = "$(SFML_LINK_$(SFML_BINARY_TYPE)_SUFFIX)";
				SFML_NETWORK = "$(SFML_LINK_PREFIX) sfml-network$(SFML_LINK_SUFFIX)";
				SFML_SYSTEM = "$(SFML_LINK_PREFIX) sfml-system$(SFML_LINK_SUFFIX)";
				SFML_WINDOW = "$(SFML_LINK_PREFIX) sfml-window$(SFML_LINK_SUFFIX)";
				SUPPORTED_PLATFORMS = macosx;
			};
			name = Debug;
		};
		4EB0729A1F6AE28C005CC2B2 /* Release */ = {
			isa = XCBuildConfiguration;
			buildSettings = {
				ARCHS = "$(NATIVE_ARCH_ACTUAL)";
				CLANG_CXX_LANGUAGE_STANDARD = "c++0x";
				CLANG_CXX_LIBRARY = "libc++";
				FRAMEWORK_SEARCH_PATHS = (
					/Library/Frameworks/,
					"$(inherited)",
				);
				GCC_VERSION = com.apple.compilers.llvm.clang.1_0;
				HEADER_SEARCH_PATHS = (
					/usr/local/include/,
					"$(inherited)",
				);
				LIBRARY_SEARCH_PATHS = (
					/usr/local/lib/,
					"$(inherited)",
				);
				MACOSX_DEPLOYMENT_TARGET = 10.7;
				OTHER_LDFLAGS = (
					"$(inherited)",
					"$(SFML_SYSTEM)",
					"$(SFML_WINDOW)",
					"$(SFML_GRAPHICS)",
					"$(SFML_AUDIO)",
					"$(SFML_NETWORK)",
				);
				SFML_AUDIO = "$(SFML_LINK_PREFIX) sfml-audio$(SFML_LINK_SUFFIX)";
				SFML_BINARY_TYPE = FRAMEWORKS;
				SFML_GRAPHICS = "$(SFML_LINK_PREFIX) sfml-graphics$(SFML_LINK_SUFFIX)";
				SFML_LINK_DYLIBS_PREFIX = "-l";
				SFML_LINK_DYLIBS_SUFFIX = "";
				SFML_LINK_FRAMEWORKS_PREFIX = "-framework";
				SFML_LINK_FRAMEWORKS_SUFFIX = "";
				SFML_LINK_PREFIX = "$(SFML_LINK_$(SFML_BINARY_TYPE)_PREFIX)";
				SFML_LINK_SUFFIX = "$(SFML_LINK_$(SFML_BINARY_TYPE)_SUFFIX)";
				SFML_NETWORK = "$(SFML_LINK_PREFIX) sfml-network$(SFML_LINK_SUFFIX)";
				SFML_SYSTEM = "$(SFML_LINK_PREFIX) sfml-system$(SFML_LINK_SUFFIX)";
				SFML_WINDOW = "$(SFML_LINK_PREFIX) sfml-window$(SFML_LINK_SUFFIX)";
				SUPPORTED_PLATFORMS = macosx;
			};
			name = Release;
		};
		4EB0729C1F6AE28C005CC2B2 /* Debug */ = {
			isa = XCBuildConfiguration;
			buildSettings = {
				INFOPLIST_FILE = "Indep Study Physics Engine/Indep Study Physics Engine-Info.plist";
				LD_RUNPATH_SEARCH_PATHS = "@loader_path/../Frameworks";
				PRODUCT_NAME = "$(TARGET_NAME)";
			};
			name = Debug;
		};
		4EB0729D1F6AE28C005CC2B2 /* Release */ = {
			isa = XCBuildConfiguration;
			buildSettings = {
				INFOPLIST_FILE = "Indep Study Physics Engine/Indep Study Physics Engine-Info.plist";
				LD_RUNPATH_SEARCH_PATHS = "@loader_path/../Frameworks";
				PRODUCT_NAME = "$(TARGET_NAME)";
			};
			name = Release;
		};
/* End XCBuildConfiguration section */

/* Begin XCConfigurationList section */
		4EB072801F6AE28B005CC2B2 /* Build configuration list for PBXProject "Indep Study Physics Engine" */ = {
			isa = XCConfigurationList;
			buildConfigurations = (
				4EB072991F6AE28C005CC2B2 /* Debug */,
				4EB0729A1F6AE28C005CC2B2 /* Release */,
			);
			defaultConfigurationIsVisible = 0;
			defaultConfigurationName = Release;
		};
		4EB0729B1F6AE28C005CC2B2 /* Build configuration list for PBXNativeTarget "Indep Study Physics Engine" */ = {
			isa = XCConfigurationList;
			buildConfigurations = (
				4EB0729C1F6AE28C005CC2B2 /* Debug */,
				4EB0729D1F6AE28C005CC2B2 /* Release */,
			);
			defaultConfigurationIsVisible = 0;
			defaultConfigurationName = Release;
		};
/* End XCConfigurationList section */
	};
	rootObject = 4EB0727D1F6AE28B005CC2B2 /* Project object */;
}
